lockfileVersion: '9.0'

settings:
  autoInstallPeers: true
  excludeLinksFromLockfile: false

importers:

  .:
    dependencies:
      browser-image-compression:
        specifier: ^2.0.2
        version: 2.0.2
      normalize.css:
        specifier: 8.0.1
        version: 8.0.1

packages:

  browser-image-compression@2.0.2:
    resolution: {integrity: sha512-pBLlQyUf6yB8SmmngrcOw3EoS4RpQ1BcylI3T9Yqn7+4nrQTXJD4sJDe5ODnJdrvNMaio5OicFo75rDyJD2Ucw==}

  normalize.css@8.0.1:
    resolution: {integrity: sha512-qizSNPO93t1YUuUhP22btGOo3chcvDFqFaj2TRybP0DMxkHOCTYwp3n34fel4a31ORXy4m1Xq0Gyqpb5m33qIg==}

  uzip@0.20201231.0:
    resolution: {integrity: sha512-OZeJfZP+R0z9D6TmBgLq2LHzSSptGMGDGigGiEe0pr8UBe/7fdflgHlHBNDASTXB5jnFuxHpNaJywSg8YFeGng==}

snapshots:

  browser-image-compression@2.0.2:
    dependencies:
      uzip: 0.20201231.0

  normalize.css@8.0.1: {}

  uzip@0.20201231.0: {}
